{
  "lockfileVersion": 1,
  "workspaces": {
    "": {
      "name": "demo",
      "dependencies": {
        "@ai-sdk/openai": "^1.3.21",
        "liminal": "^0.5.13",
        "liminal-ai": "^0.0.13",
        "liminal-zod3": "^0.0.8",
        "zod": "^3.24.3",
      },
      "devDependencies": {
        "@types/node": "^22.15.2",
        "dprint": "^0.49.1",
      },
    },
  },
  "packages": {
    "@ai-sdk/openai": ["@ai-sdk/openai@1.3.21", "", { "dependencies": { "@ai-sdk/provider": "1.1.3", "@ai-sdk/provider-utils": "2.2.7" }, "peerDependencies": { "zod": "^3.0.0" } }, "sha512-ipAhkRKUd2YaMmn7DAklX3N7Ywx/rCsJHVyb0V/lKRqPcc612qAFVbjg+Uve8QYJlbPxgfsM4s9JmCFp6PSdYw=="],

    "@ai-sdk/provider": ["@ai-sdk/provider@1.1.3", "", { "dependencies": { "json-schema": "^0.4.0" } }, "sha512-qZMxYJ0qqX/RfnuIaab+zp8UAeJn/ygXXAffR5I4N0n1IrvA6qBsjc8hXLmBiMV2zoXlifkacF7sEFnYnjBcqg=="],

    "@ai-sdk/provider-utils": ["@ai-sdk/provider-utils@2.2.7", "", { "dependencies": { "@ai-sdk/provider": "1.1.3", "nanoid": "^3.3.8", "secure-json-parse": "^2.7.0" }, "peerDependencies": { "zod": "^3.23.8" } }, "sha512-kM0xS3GWg3aMChh9zfeM+80vEZfXzR3JEUBdycZLtbRZ2TRT8xOj3WodGHPb06sUK5yD7pAXC/P7ctsi2fvUGQ=="],

    "@ai-sdk/react": ["@ai-sdk/react@1.2.10", "", { "dependencies": { "@ai-sdk/provider-utils": "2.2.7", "@ai-sdk/ui-utils": "1.2.9", "swr": "^2.2.5", "throttleit": "2.1.0" }, "peerDependencies": { "react": "^18 || ^19 || ^19.0.0-rc", "zod": "^3.23.8" }, "optionalPeers": ["zod"] }, "sha512-iUZfApc6aftVT7f41y9b1NPk0dZFt9vRR0/gkZsKdP56ShcKtuTu44BkjtWdrBs7fcTbN2BQZtDao1AY1GxzsQ=="],

    "@ai-sdk/ui-utils": ["@ai-sdk/ui-utils@1.2.9", "", { "dependencies": { "@ai-sdk/provider": "1.1.3", "@ai-sdk/provider-utils": "2.2.7", "zod-to-json-schema": "^3.24.1" }, "peerDependencies": { "zod": "^3.23.8" } }, "sha512-cbiLzgXDv3+460f61UVSykn3XdKOS+SHs/EANw+pdOQKwn8JN7rZJL/ggPyMuZ7D9lO3oWOfOJ1QS+9uClfVug=="],

    "@dprint/darwin-arm64": ["@dprint/darwin-arm64@0.49.1", "", { "os": "darwin", "cpu": "arm64" }, "sha512-ib6KcJWo/M5RJWXOQKhP664FG1hAvG7nrbkh+j8n+oXdzmbyDdXTP+zW+aM3/sIQUkGaZky1xy1j2VeScMEEHQ=="],

    "@dprint/darwin-x64": ["@dprint/darwin-x64@0.49.1", "", { "os": "darwin", "cpu": "x64" }, "sha512-vIVgnYxV7YYa1d6Uyz707RbgB9rwefGPam+rzaueFNPQjdOxPOTQDuMEJDS+Z3BlI00MfeoupIfIUGsXoM4dpQ=="],

    "@dprint/linux-arm64-glibc": ["@dprint/linux-arm64-glibc@0.49.1", "", { "os": "linux", "cpu": "arm64" }, "sha512-ZeIh6qMPWLBBifDtU0XadpK36b4WoaTqCOt0rWKfoTjq1RAt78EgqETWp43Dbr6et/HvTgYdoWF0ZNEu2FJFFA=="],

    "@dprint/linux-arm64-musl": ["@dprint/linux-arm64-musl@0.49.1", "", { "os": "linux", "cpu": "arm64" }, "sha512-/nuRyx+TykN6MqhlSCRs/t3o1XXlikiwTc9emWdzMeLGllYvJrcht9gRJ1/q1SqwCFhzgnD9H7roxxfji1tc+Q=="],

    "@dprint/linux-riscv64-glibc": ["@dprint/linux-riscv64-glibc@0.49.1", "", { "os": "linux", "cpu": "none" }, "sha512-RHBqrnvGO+xW4Oh0QuToBqWtkXMcfjqa1TqbBFF03yopFzZA2oRKX83PhjTWgd/IglaOns0BgmaLJy/JBSxOfQ=="],

    "@dprint/linux-x64-glibc": ["@dprint/linux-x64-glibc@0.49.1", "", { "os": "linux", "cpu": "x64" }, "sha512-MjFE894mIQXOKBencuakKyzAI4KcDe/p0Y9lRp9YSw/FneR4QWH9VBH90h8fRxcIlWMArjFFJJAtsBnn5qgxeg=="],

    "@dprint/linux-x64-musl": ["@dprint/linux-x64-musl@0.49.1", "", { "os": "linux", "cpu": "x64" }, "sha512-CvGBWOksHgrL1uzYqtPFvZz0+E82BzgoCIEHJeuYaveEn37qWZS5jqoCm/vz6BfoivE1dVuyyOT78Begj9KxkQ=="],

    "@dprint/win32-arm64": ["@dprint/win32-arm64@0.49.1", "", { "os": "win32", "cpu": "arm64" }, "sha512-gQa4s82lMcXjfdxjWBQun6IJlXdPZZaIj2/2cqXWVEOYPKxAZ/JvGzt2pPG+i73h9KHjNLIV8M9ckqEH3oHufg=="],

    "@dprint/win32-x64": ["@dprint/win32-x64@0.49.1", "", { "os": "win32", "cpu": "x64" }, "sha512-nPU6+hoVze5JJlgET7woYWElBw0IUaB/9XKTaglknQuUUfsmD75D9pkgJTxdIxl9Bg/i5O7c9wb3Nj4XNiTIfw=="],

    "@opentelemetry/api": ["@opentelemetry/api@1.9.0", "", {}, "sha512-3giAOQvZiH5F9bMlMiv8+GSPMeqg0dbaeo58/0SlA9sxSqZhnUtxzX9/2FzyhS9sWQf5S0GJE0AKBrFqjpeYcg=="],

    "@types/diff-match-patch": ["@types/diff-match-patch@1.0.36", "", {}, "sha512-xFdR6tkm0MWvBfO8xXCSsinYxHcqkQUlcHeSpMC2ukzOb6lwQAfDmW+Qt0AvlGd8HpsS28qKsB+oPeJn9I39jg=="],

    "@types/node": ["@types/node@22.15.3", "", { "dependencies": { "undici-types": "~6.21.0" } }, "sha512-lX7HFZeHf4QG/J7tBZqrCAXwz9J5RD56Y6MpP0eJkka8p+K0RY/yBTW7CYFJ4VGCclxqOLKmiGP5juQc6MKgcw=="],

    "ai": ["ai@4.3.12", "", { "dependencies": { "@ai-sdk/provider": "1.1.3", "@ai-sdk/provider-utils": "2.2.7", "@ai-sdk/react": "1.2.10", "@ai-sdk/ui-utils": "1.2.9", "@opentelemetry/api": "1.9.0", "jsondiffpatch": "0.6.0" }, "peerDependencies": { "react": "^18 || ^19 || ^19.0.0-rc", "zod": "^3.23.8" }, "optionalPeers": ["react"] }, "sha512-DWjtPI8YJVyvcJx27KW1i6PrwkbjTewflfH+qPtIuoAP0YYs6bH17cAihTt4je+itgazLXK07ZCbV019YkdYjw=="],

    "chalk": ["chalk@5.4.1", "", {}, "sha512-zgVZuo2WcZgfUEmsn6eO3kINexW8RAE4maiQ8QNs8CtpPCSyMiYsULR3HQYkm3w8FIA3SberyMJMSldGsW+U3w=="],

    "dequal": ["dequal@2.0.3", "", {}, "sha512-0je+qPKHEMohvfRTCEo3CrPG6cAzAYgmzKyxRiYSSDkS6eGJdyVJm7WaYA5ECaAD9wLB2T4EEeymA5aFVcYXCA=="],

    "diff-match-patch": ["diff-match-patch@1.0.5", "", {}, "sha512-IayShXAgj/QMXgB0IWmKx+rOPuGMhqm5w6jvFxmVenXKIzRqTAAsbBPT3kWQeGANj3jGgvcvv4yK6SxqYmikgw=="],

    "dprint": ["dprint@0.49.1", "", { "optionalDependencies": { "@dprint/darwin-arm64": "0.49.1", "@dprint/darwin-x64": "0.49.1", "@dprint/linux-arm64-glibc": "0.49.1", "@dprint/linux-arm64-musl": "0.49.1", "@dprint/linux-riscv64-glibc": "0.49.1", "@dprint/linux-x64-glibc": "0.49.1", "@dprint/linux-x64-musl": "0.49.1", "@dprint/win32-arm64": "0.49.1", "@dprint/win32-x64": "0.49.1" }, "bin": { "dprint": "bin.js" } }, "sha512-pO9XH79SyXybj2Vhc9ITZMEI8cJkdlQQRoD8oEfPH6Jjpp/7WX5kIgECVd3DBOjjAdCSiW6R47v3gJBx/qZVkw=="],

    "json-schema": ["json-schema@0.4.0", "", {}, "sha512-es94M3nTIfsEPisRafak+HDLfHXnKBhV3vU5eqPcS3flIWqcxJWgXHXiey3YrpaNsanY5ei1VoYEbOzijuq9BA=="],

    "jsondiffpatch": ["jsondiffpatch@0.6.0", "", { "dependencies": { "@types/diff-match-patch": "^1.0.36", "chalk": "^5.3.0", "diff-match-patch": "^1.0.5" }, "bin": { "jsondiffpatch": "bin/jsondiffpatch.js" } }, "sha512-3QItJOXp2AP1uv7waBkao5nCvhEv+QmJAd38Ybq7wNI74Q+BBmnLn4EDKz6yI9xGAIQoUF87qHt+kc1IVxB4zQ=="],

    "liminal": ["liminal@0.5.13", "", {}, "sha512-Kh3ElaoS2RJCjm9j0JbVc35Jr8n1mhq/RIjoA4ogYms+DUx1PyiE6aT+b9kBqiC2e5skdfE06h6+V6GkxFXC5A=="],

    "liminal-ai": ["liminal-ai@0.0.13", "", { "peerDependencies": { "ai": "^4.1.61", "liminal": "^0.5.13" } }, "sha512-KCGJ0dIKiqlkvGIggbBRlcJMZeok13ye8JG0j6Uzcep7g9carmLNMkexbB7kUWRs8XO3NFFv/QfxrzVnjlGelQ=="],

    "liminal-zod3": ["liminal-zod3@0.0.8", "", { "peerDependencies": { "liminal": "0.5.13", "zod": "^3.24.2", "zod-to-json-schema": "^3.24.5" } }, "sha512-5tvKapyq8qD/NNWcFziALjQx2mwQHGKpV4iEpMRbk/IT+NHORtsgHHsYchY7wzTv7DikDQeco9jxf9BamQcQgg=="],

    "nanoid": ["nanoid@3.3.11", "", { "bin": { "nanoid": "bin/nanoid.cjs" } }, "sha512-N8SpfPUnUp1bK+PMYW8qSWdl9U+wwNWI4QKxOYDy9JAro3WMX7p2OeVRF9v+347pnakNevPmiHhNmZ2HbFA76w=="],

    "react": ["react@19.1.0", "", {}, "sha512-FS+XFBNvn3GTAWq26joslQgWNoFu08F4kl0J4CgdNKADkdSGXQyTCnKteIAJy96Br6YbpEU1LSzV5dYtjMkMDg=="],

    "secure-json-parse": ["secure-json-parse@2.7.0", "", {}, "sha512-6aU+Rwsezw7VR8/nyvKTx8QpWH9FrcYiXXlqC4z5d5XQBDRqtbfsRjnwGyqbi3gddNtWHuEk9OANUotL26qKUw=="],

    "swr": ["swr@2.3.3", "", { "dependencies": { "dequal": "^2.0.3", "use-sync-external-store": "^1.4.0" }, "peerDependencies": { "react": "^16.11.0 || ^17.0.0 || ^18.0.0 || ^19.0.0" } }, "sha512-dshNvs3ExOqtZ6kJBaAsabhPdHyeY4P2cKwRCniDVifBMoG/SVI7tfLWqPXriVspf2Rg4tPzXJTnwaihIeFw2A=="],

    "throttleit": ["throttleit@2.1.0", "", {}, "sha512-nt6AMGKW1p/70DF/hGBdJB57B8Tspmbp5gfJ8ilhLnt7kkr2ye7hzD6NVG8GGErk2HWF34igrL2CXmNIkzKqKw=="],

    "undici-types": ["undici-types@6.21.0", "", {}, "sha512-iwDZqg0QAGrg9Rav5H4n0M64c3mkR59cJ6wQp+7C4nI0gsmExaedaYLNO44eT4AtBBwjbTiGPMlt2Md0T9H9JQ=="],

    "use-sync-external-store": ["use-sync-external-store@1.5.0", "", { "peerDependencies": { "react": "^16.8.0 || ^17.0.0 || ^18.0.0 || ^19.0.0" } }, "sha512-Rb46I4cGGVBmjamjphe8L/UnvJD+uPPtTkNvX5mZgqdbavhI4EbgIWJiIHXJ8bc/i9EQGPRh4DwEURJ552Do0A=="],

    "zod": ["zod@3.24.3", "", {}, "sha512-HhY1oqzWCQWuUqvBFnsyrtZRhyPeR7SUGv+C4+MsisMuVfSPx8HpwWqH8tRahSlt6M3PiFAcoeFhZAqIXTxoSg=="],

    "zod-to-json-schema": ["zod-to-json-schema@3.24.5", "", { "peerDependencies": { "zod": "^3.24.1" } }, "sha512-/AuWwMP+YqiPbsJx5D6TfgRTc4kTLjsh5SOcd4bLsfUg2RcEXrFMJl1DGgdHy2aCfsIA/cr/1JM0xcB2GZji8g=="],
  }
}
